// !$*UTF8*$!
{
	archiveVersion = 1;
	classes = {
	};
	objectVersion = 55;
	objects = {

/* Begin PBXBuildFile section */
		527F66AF28980830004A17B5 /* AppDelegate.swift in Sources */ = {isa = PBXBuildFile; fileRef = 527F66AE28980830004A17B5 /* AppDelegate.swift */; };
		527F66B128980830004A17B5 /* SceneDelegate.swift in Sources */ = {isa = PBXBuildFile; fileRef = 527F66B028980830004A17B5 /* SceneDelegate.swift */; };
		527F66B328980830004A17B5 /* MainViewController.swift in Sources */ = {isa = PBXBuildFile; fileRef = 527F66B228980830004A17B5 /* MainViewController.swift */; };
		527F66B628980830004A17B5 /* Main.storyboard in Resources */ = {isa = PBXBuildFile; fileRef = 527F66B428980830004A17B5 /* Main.storyboard */; };
		527F66B828980832004A17B5 /* Assets.xcassets in Resources */ = {isa = PBXBuildFile; fileRef = 527F66B728980832004A17B5 /* Assets.xcassets */; };
		527F66BB28980832004A17B5 /* LaunchScreen.storyboard in Resources */ = {isa = PBXBuildFile; fileRef = 527F66B928980832004A17B5 /* LaunchScreen.storyboard */; };
		527F66C628980961004A17B5 /* Constraints.swift in Sources */ = {isa = PBXBuildFile; fileRef = 527F66C528980961004A17B5 /* Constraints.swift */; };
		527F66C928980B35004A17B5 /* Repository.swift in Sources */ = {isa = PBXBuildFile; fileRef = 527F66C828980B35004A17B5 /* Repository.swift */; };
		527F66CC28980BAC004A17B5 /* MainViewModel.swift in Sources */ = {isa = PBXBuildFile; fileRef = 527F66CB28980BAC004A17B5 /* MainViewModel.swift */; };
		527F66CF28980E18004A17B5 /* RegularViewController.swift in Sources */ = {isa = PBXBuildFile; fileRef = 527F66CE28980E18004A17B5 /* RegularViewController.swift */; };
		527F66D128980E45004A17B5 /* TableViewWithXibViewController.swift in Sources */ = {isa = PBXBuildFile; fileRef = 527F66D028980E45004A17B5 /* TableViewWithXibViewController.swift */; };
		527F66D328980E5A004A17B5 /* TableViewWithCodeViewController.swift in Sources */ = {isa = PBXBuildFile; fileRef = 527F66D228980E5A004A17B5 /* TableViewWithCodeViewController.swift */; };
		527F66D528980EB6004A17B5 /* TableViewContentsViewModel.swift in Sources */ = {isa = PBXBuildFile; fileRef = 527F66D428980EB6004A17B5 /* TableViewContentsViewModel.swift */; };
		527F66D828981155004A17B5 /* PreparedTableViewController.swift in Sources */ = {isa = PBXBuildFile; fileRef = 527F66D728981155004A17B5 /* PreparedTableViewController.swift */; };
		527F66DB2898148F004A17B5 /* RegularTableViewCell.swift in Sources */ = {isa = PBXBuildFile; fileRef = 527F66DA2898148F004A17B5 /* RegularTableViewCell.swift */; };
		527F66DD28982FF6004A17B5 /* RepositoryCellViewModel.swift in Sources */ = {isa = PBXBuildFile; fileRef = 527F66DC28982FF6004A17B5 /* RepositoryCellViewModel.swift */; };
		527F66DF2898308E004A17B5 /* CellConstants.swift in Sources */ = {isa = PBXBuildFile; fileRef = 527F66DE2898308E004A17B5 /* CellConstants.swift */; };
		527F66E128983315004A17B5 /* TextHeightCalculator.swift in Sources */ = {isa = PBXBuildFile; fileRef = 527F66E028983315004A17B5 /* TextHeightCalculator.swift */; };
		527F66E5289858F3004A17B5 /* XibTableViewCell.swift in Sources */ = {isa = PBXBuildFile; fileRef = 527F66E3289858F3004A17B5 /* XibTableViewCell.swift */; };
		527F66E828985923004A17B5 /* XibTableViewCell.xib in Resources */ = {isa = PBXBuildFile; fileRef = 527F66E728985923004A17B5 /* XibTableViewCell.xib */; };
/* End PBXBuildFile section */

/* Begin PBXFileReference section */
		527F66AB28980830004A17B5 /* UIConstructionMethods.app */ = {isa = PBXFileReference; explicitFileType = wrapper.application; includeInIndex = 0; path = UIConstructionMethods.app; sourceTree = BUILT_PRODUCTS_DIR; };
		527F66AE28980830004A17B5 /* AppDelegate.swift */ = {isa = PBXFileReference; lastKnownFileType = sourcecode.swift; path = AppDelegate.swift; sourceTree = "<group>"; };
		527F66B028980830004A17B5 /* SceneDelegate.swift */ = {isa = PBXFileReference; lastKnownFileType = sourcecode.swift; path = SceneDelegate.swift; sourceTree = "<group>"; };
		527F66B228980830004A17B5 /* MainViewController.swift */ = {isa = PBXFileReference; lastKnownFileType = sourcecode.swift; path = MainViewController.swift; sourceTree = "<group>"; };
		527F66B528980830004A17B5 /* Base */ = {isa = PBXFileReference; lastKnownFileType = file.storyboard; name = Base; path = Base.lproj/Main.storyboard; sourceTree = "<group>"; };
		527F66B728980832004A17B5 /* Assets.xcassets */ = {isa = PBXFileReference; lastKnownFileType = folder.assetcatalog; path = Assets.xcassets; sourceTree = "<group>"; };
		527F66BA28980832004A17B5 /* Base */ = {isa = PBXFileReference; lastKnownFileType = file.storyboard; name = Base; path = Base.lproj/LaunchScreen.storyboard; sourceTree = "<group>"; };
		527F66BC28980832004A17B5 /* Info.plist */ = {isa = PBXFileReference; lastKnownFileType = text.plist.xml; path = Info.plist; sourceTree = "<group>"; };
		527F66C528980961004A17B5 /* Constraints.swift */ = {isa = PBXFileReference; lastKnownFileType = sourcecode.swift; path = Constraints.swift; sourceTree = "<group>"; };
		527F66C828980B35004A17B5 /* Repository.swift */ = {isa = PBXFileReference; lastKnownFileType = sourcecode.swift; path = Repository.swift; sourceTree = "<group>"; };
		527F66CB28980BAC004A17B5 /* MainViewModel.swift */ = {isa = PBXFileReference; lastKnownFileType = sourcecode.swift; path = MainViewModel.swift; sourceTree = "<group>"; };
		527F66CE28980E18004A17B5 /* RegularViewController.swift */ = {isa = PBXFileReference; lastKnownFileType = sourcecode.swift; path = RegularViewController.swift; sourceTree = "<group>"; };
		527F66D028980E45004A17B5 /* TableViewWithXibViewController.swift */ = {isa = PBXFileReference; lastKnownFileType = sourcecode.swift; path = TableViewWithXibViewController.swift; sourceTree = "<group>"; };
		527F66D228980E5A004A17B5 /* TableViewWithCodeViewController.swift */ = {isa = PBXFileReference; lastKnownFileType = sourcecode.swift; path = TableViewWithCodeViewController.swift; sourceTree = "<group>"; };
		527F66D428980EB6004A17B5 /* TableViewContentsViewModel.swift */ = {isa = PBXFileReference; lastKnownFileType = sourcecode.swift; path = TableViewContentsViewModel.swift; sourceTree = "<group>"; };
		527F66D728981155004A17B5 /* PreparedTableViewController.swift */ = {isa = PBXFileReference; lastKnownFileType = sourcecode.swift; path = PreparedTableViewController.swift; sourceTree = "<group>"; };
		527F66DA2898148F004A17B5 /* RegularTableViewCell.swift */ = {isa = PBXFileReference; lastKnownFileType = sourcecode.swift; path = RegularTableViewCell.swift; sourceTree = "<group>"; };
		527F66DC28982FF6004A17B5 /* RepositoryCellViewModel.swift */ = {isa = PBXFileReference; lastKnownFileType = sourcecode.swift; path = RepositoryCellViewModel.swift; sourceTree = "<group>"; };
		527F66DE2898308E004A17B5 /* CellConstants.swift */ = {isa = PBXFileReference; lastKnownFileType = sourcecode.swift; path = CellConstants.swift; sourceTree = "<group>"; };
		527F66E028983315004A17B5 /* TextHeightCalculator.swift */ = {isa = PBXFileReference; lastKnownFileType = sourcecode.swift; path = TextHeightCalculator.swift; sourceTree = "<group>"; };
		527F66E3289858F3004A17B5 /* XibTableViewCell.swift */ = {isa = PBXFileReference; lastKnownFileType = sourcecode.swift; path = XibTableViewCell.swift; sourceTree = "<group>"; };
		527F66E728985923004A17B5 /* XibTableViewCell.xib */ = {isa = PBXFileReference; lastKnownFileType = file.xib; path = XibTableViewCell.xib; sourceTree = "<group>"; };
/* End PBXFileReference section */

/* Begin PBXFrameworksBuildPhase section */
		527F66A828980830004A17B5 /* Frameworks */ = {
			isa = PBXFrameworksBuildPhase;
			buildActionMask = 2147483647;
			files = (
			);
			runOnlyForDeploymentPostprocessing = 0;
		};
/* End PBXFrameworksBuildPhase section */

/* Begin PBXGroup section */
		527F66A228980830004A17B5 = {
			isa = PBXGroup;
			children = (
				527F66AD28980830004A17B5 /* UIConstructionMethods */,
				527F66AC28980830004A17B5 /* Products */,
			);
			sourceTree = "<group>";
		};
		527F66AC28980830004A17B5 /* Products */ = {
			isa = PBXGroup;
			children = (
				527F66AB28980830004A17B5 /* UIConstructionMethods.app */,
			);
			name = Products;
			sourceTree = "<group>";
		};
		527F66AD28980830004A17B5 /* UIConstructionMethods */ = {
			isa = PBXGroup;
			children = (
				527F66C3289808B9004A17B5 /* AppDelegates */,
				527F66C42898094A004A17B5 /* Helpers */,
				527F66C2289808A2004A17B5 /* Storyboards */,
				527F66C728980B24004A17B5 /* Model */,
				527F66CA28980B9A004A17B5 /* ViewModel */,
				527F66CD28980DE2004A17B5 /* SecondaryViewControllers */,
				527F66B228980830004A17B5 /* MainViewController.swift */,
				527F66D928981467004A17B5 /* 1_RegularTableView */,
				527F66E22898581B004A17B5 /* 2_TableViewWithXib */,
				527F66B728980832004A17B5 /* Assets.xcassets */,
				527F66BC28980832004A17B5 /* Info.plist */,
			);
			path = UIConstructionMethods;
			sourceTree = "<group>";
		};
		527F66C2289808A2004A17B5 /* Storyboards */ = {
			isa = PBXGroup;
			children = (
				527F66B428980830004A17B5 /* Main.storyboard */,
				527F66B928980832004A17B5 /* LaunchScreen.storyboard */,
			);
			path = Storyboards;
			sourceTree = "<group>";
		};
		527F66C3289808B9004A17B5 /* AppDelegates */ = {
			isa = PBXGroup;
			children = (
				527F66AE28980830004A17B5 /* AppDelegate.swift */,
				527F66B028980830004A17B5 /* SceneDelegate.swift */,
			);
			path = AppDelegates;
			sourceTree = "<group>";
		};
		527F66C42898094A004A17B5 /* Helpers */ = {
			isa = PBXGroup;
			children = (
				527F66C528980961004A17B5 /* Constraints.swift */,
				527F66DE2898308E004A17B5 /* CellConstants.swift */,
				527F66E028983315004A17B5 /* TextHeightCalculator.swift */,
			);
			path = Helpers;
			sourceTree = "<group>";
		};
		527F66C728980B24004A17B5 /* Model */ = {
			isa = PBXGroup;
			children = (
				527F66C828980B35004A17B5 /* Repository.swift */,
			);
			path = Model;
			sourceTree = "<group>";
		};
		527F66CA28980B9A004A17B5 /* ViewModel */ = {
			isa = PBXGroup;
			children = (
				527F66CB28980BAC004A17B5 /* MainViewModel.swift */,
				527F66D428980EB6004A17B5 /* TableViewContentsViewModel.swift */,
				527F66DC28982FF6004A17B5 /* RepositoryCellViewModel.swift */,
			);
			path = ViewModel;
			sourceTree = "<group>";
		};
		527F66CD28980DE2004A17B5 /* SecondaryViewControllers */ = {
			isa = PBXGroup;
			children = (
				527F66D62898113D004A17B5 /* PreparedTableViewController */,
				527F66D228980E5A004A17B5 /* TableViewWithCodeViewController.swift */,
			);
			path = SecondaryViewControllers;
			sourceTree = "<group>";
		};
		527F66D62898113D004A17B5 /* PreparedTableViewController */ = {
			isa = PBXGroup;
			children = (
				527F66D728981155004A17B5 /* PreparedTableViewController.swift */,
			);
			path = PreparedTableViewController;
			sourceTree = "<group>";
		};
		527F66D928981467004A17B5 /* 1_RegularTableView */ = {
			isa = PBXGroup;
			children = (
				527F66CE28980E18004A17B5 /* RegularViewController.swift */,
				527F66DA2898148F004A17B5 /* RegularTableViewCell.swift */,
			);
			path = 1_RegularTableView;
			sourceTree = "<group>";
		};
		527F66E22898581B004A17B5 /* 2_TableViewWithXib */ = {
			isa = PBXGroup;
			children = (
				527F66D028980E45004A17B5 /* TableViewWithXibViewController.swift */,
				527F66E3289858F3004A17B5 /* XibTableViewCell.swift */,
				527F66E728985923004A17B5 /* XibTableViewCell.xib */,
			);
			path = 2_TableViewWithXib;
			sourceTree = "<group>";
		};
/* End PBXGroup section */

/* Begin PBXNativeTarget section */
		527F66AA28980830004A17B5 /* UIConstructionMethods */ = {
			isa = PBXNativeTarget;
			buildConfigurationList = 527F66BF28980832004A17B5 /* Build configuration list for PBXNativeTarget "UIConstructionMethods" */;
			buildPhases = (
				527F66A728980830004A17B5 /* Sources */,
				527F66A828980830004A17B5 /* Frameworks */,
				527F66A928980830004A17B5 /* Resources */,
			);
			buildRules = (
			);
			dependencies = (
			);
			name = UIConstructionMethods;
			productName = UIConstructionMethods;
			productReference = 527F66AB28980830004A17B5 /* UIConstructionMethods.app */;
			productType = "com.apple.product-type.application";
		};
/* End PBXNativeTarget section */

/* Begin PBXProject section */
		527F66A328980830004A17B5 /* Project object */ = {
			isa = PBXProject;
			attributes = {
				BuildIndependentTargetsInParallel = 1;
				LastSwiftUpdateCheck = 1330;
				LastUpgradeCheck = 1330;
				TargetAttributes = {
					527F66AA28980830004A17B5 = {
						CreatedOnToolsVersion = 13.3.1;
					};
				};
			};
			buildConfigurationList = 527F66A628980830004A17B5 /* Build configuration list for PBXProject "UIConstructionMethods" */;
			compatibilityVersion = "Xcode 13.0";
			developmentRegion = en;
			hasScannedForEncodings = 0;
			knownRegions = (
				en,
				Base,
			);
			mainGroup = 527F66A228980830004A17B5;
			productRefGroup = 527F66AC28980830004A17B5 /* Products */;
			projectDirPath = "";
			projectRoot = "";
			targets = (
				527F66AA28980830004A17B5 /* UIConstructionMethods */,
			);
		};
/* End PBXProject section */

/* Begin PBXResourcesBuildPhase section */
		527F66A928980830004A17B5 /* Resources */ = {
			isa = PBXResourcesBuildPhase;
			buildActionMask = 2147483647;
			files = (
				527F66BB28980832004A17B5 /* LaunchScreen.storyboard in Resources */,
				527F66B828980832004A17B5 /* Assets.xcassets in Resources */,
				527F66B628980830004A17B5 /* Main.storyboard in Resources */,
				527F66E828985923004A17B5 /* XibTableViewCell.xib in Resources */,
			);
			runOnlyForDeploymentPostprocessing = 0;
		};
/* End PBXResourcesBuildPhase section */

/* Begin PBXSourcesBuildPhase section */
		527F66A728980830004A17B5 /* Sources */ = {
			isa = PBXSourcesBuildPhase;
			buildActionMask = 2147483647;
			files = (
				527F66D128980E45004A17B5 /* TableViewWithXibViewController.swift in Sources */,
				527F66C628980961004A17B5 /* Constraints.swift in Sources */,
				527F66D528980EB6004A17B5 /* TableViewContentsViewModel.swift in Sources */,
				527F66D828981155004A17B5 /* PreparedTableViewController.swift in Sources */,
				527F66DD28982FF6004A17B5 /* RepositoryCellViewModel.swift in Sources */,
				527F66D328980E5A004A17B5 /* TableViewWithCodeViewController.swift in Sources */,
				527F66CF28980E18004A17B5 /* RegularViewController.swift in Sources */,
				527F66E5289858F3004A17B5 /* XibTableViewCell.swift in Sources */,
				527F66B328980830004A17B5 /* MainViewController.swift in Sources */,
				527F66C928980B35004A17B5 /* Repository.swift in Sources */,
				527F66AF28980830004A17B5 /* AppDelegate.swift in Sources */,
				527F66B128980830004A17B5 /* SceneDelegate.swift in Sources */,
				527F66DB2898148F004A17B5 /* RegularTableViewCell.swift in Sources */,
				527F66E128983315004A17B5 /* TextHeightCalculator.swift in Sources */,
				527F66CC28980BAC004A17B5 /* MainViewModel.swift in Sources */,
				527F66DF2898308E004A17B5 /* CellConstants.swift in Sources */,
			);
			runOnlyForDeploymentPostprocessing = 0;
		};
/* End PBXSourcesBuildPhase section */

/* Begin PBXVariantGroup section */
		527F66B428980830004A17B5 /* Main.storyboard */ = {
			isa = PBXVariantGroup;
			children = (
				527F66B528980830004A17B5 /* Base */,
			);
			name = Main.storyboard;
			sourceTree = "<group>";
		};
		527F66B928980832004A17B5 /* LaunchScreen.storyboard */ = {
			isa = PBXVariantGroup;
			children = (
				527F66BA28980832004A17B5 /* Base */,
			);
			name = LaunchScreen.storyboard;
			sourceTree = "<group>";
		};
/* End PBXVariantGroup section */

/* Begin XCBuildConfiguration section */
		527F66BD28980832004A17B5 /* Debug */ = {
			isa = XCBuildConfiguration;
			buildSettings = {
				ALWAYS_SEARCH_USER_PATHS = NO;
				CLANG_ANALYZER_NONNULL = YES;
				CLANG_ANALYZER_NUMBER_OBJECT_CONVERSION = YES_AGGRESSIVE;
				CLANG_CXX_LANGUAGE_STANDARD = "gnu++17";
				CLANG_ENABLE_MODULES = YES;
				CLANG_ENABLE_OBJC_ARC = YES;
				CLANG_ENABLE_OBJC_WEAK = YES;
				CLANG_WARN_BLOCK_CAPTURE_AUTORELEASING = YES;
				CLANG_WARN_BOOL_CONVERSION = YES;
				CLANG_WARN_COMMA = YES;
				CLANG_WARN_CONSTANT_CONVERSION = YES;
				CLANG_WARN_DEPRECATED_OBJC_IMPLEMENTATIONS = YES;
				CLANG_WARN_DIRECT_OBJC_ISA_USAGE = YES_ERROR;
				CLANG_WARN_DOCUMENTATION_COMMENTS = YES;
				CLANG_WARN_EMPTY_BODY = YES;
				CLANG_WARN_ENUM_CONVERSION = YES;
				CLANG_WARN_INFINITE_RECURSION = YES;
				CLANG_WARN_INT_CONVERSION = YES;
				CLANG_WARN_NON_LITERAL_NULL_CONVERSION = YES;
				CLANG_WARN_OBJC_IMPLICIT_RETAIN_SELF = YES;
				CLANG_WARN_OBJC_LITERAL_CONVERSION = YES;
				CLANG_WARN_OBJC_ROOT_CLASS = YES_ERROR;
				CLANG_WARN_QUOTED_INCLUDE_IN_FRAMEWORK_HEADER = YES;
				CLANG_WARN_RANGE_LOOP_ANALYSIS = YES;
				CLANG_WARN_STRICT_PROTOTYPES = YES;
				CLANG_WARN_SUSPICIOUS_MOVE = YES;
				CLANG_WARN_UNGUARDED_AVAILABILITY = YES_AGGRESSIVE;
				CLANG_WARN_UNREACHABLE_CODE = YES;
				CLANG_WARN__DUPLICATE_METHOD_MATCH = YES;
				COPY_PHASE_STRIP = NO;
				DEBUG_INFORMATION_FORMAT = dwarf;
				ENABLE_STRICT_OBJC_MSGSEND = YES;
				ENABLE_TESTABILITY = YES;
				GCC_C_LANGUAGE_STANDARD = gnu11;
				GCC_DYNAMIC_NO_PIC = NO;
				GCC_NO_COMMON_BLOCKS = YES;
				GCC_OPTIMIZATION_LEVEL = 0;
				GCC_PREPROCESSOR_DEFINITIONS = (
					"DEBUG=1",
					"$(inherited)",
				);
				GCC_WARN_64_TO_32_BIT_CONVERSION = YES;
				GCC_WARN_ABOUT_RETURN_TYPE = YES_ERROR;
				GCC_WARN_UNDECLARED_SELECTOR = YES;
				GCC_WARN_UNINITIALIZED_AUTOS = YES_AGGRESSIVE;
				GCC_WARN_UNUSED_FUNCTION = YES;
				GCC_WARN_UNUSED_VARIABLE = YES;
				IPHONEOS_DEPLOYMENT_TARGET = 15.4;
				MTL_ENABLE_DEBUG_INFO = INCLUDE_SOURCE;
				MTL_FAST_MATH = YES;
				ONLY_ACTIVE_ARCH = YES;
				SDKROOT = iphoneos;
				SWIFT_ACTIVE_COMPILATION_CONDITIONS = DEBUG;
				SWIFT_OPTIMIZATION_LEVEL = "-Onone";
			};
			name = Debug;
		};
		527F66BE28980832004A17B5 /* Release */ = {
			isa = XCBuildConfiguration;
			buildSettings = {
				ALWAYS_SEARCH_USER_PATHS = NO;
				CLANG_ANALYZER_NONNULL = YES;
				CLANG_ANALYZER_NUMBER_OBJECT_CONVERSION = YES_AGGRESSIVE;
				CLANG_CXX_LANGUAGE_STANDARD = "gnu++17";
				CLANG_ENABLE_MODULES = YES;
				CLANG_ENABLE_OBJC_ARC = YES;
				CLANG_ENABLE_OBJC_WEAK = YES;
				CLANG_WARN_BLOCK_CAPTURE_AUTORELEASING = YES;
				CLANG_WARN_BOOL_CONVERSION = YES;
				CLANG_WARN_COMMA = YES;
				CLANG_WARN_CONSTANT_CONVERSION = YES;
				CLANG_WARN_DEPRECATED_OBJC_IMPLEMENTATIONS = YES;
				CLANG_WARN_DIRECT_OBJC_ISA_USAGE = YES_ERROR;
				CLANG_WARN_DOCUMENTATION_COMMENTS = YES;
				CLANG_WARN_EMPTY_BODY = YES;
				CLANG_WARN_ENUM_CONVERSION = YES;
				CLANG_WARN_INFINITE_RECURSION = YES;
				CLANG_WARN_INT_CONVERSION = YES;
				CLANG_WARN_NON_LITERAL_NULL_CONVERSION = YES;
				CLANG_WARN_OBJC_IMPLICIT_RETAIN_SELF = YES;
				CLANG_WARN_OBJC_LITERAL_CONVERSION = YES;
				CLANG_WARN_OBJC_ROOT_CLASS = YES_ERROR;
				CLANG_WARN_QUOTED_INCLUDE_IN_FRAMEWORK_HEADER = YES;
				CLANG_WARN_RANGE_LOOP_ANALYSIS = YES;
				CLANG_WARN_STRICT_PROTOTYPES = YES;
				CLANG_WARN_SUSPICIOUS_MOVE = YES;
				CLANG_WARN_UNGUARDED_AVAILABILITY = YES_AGGRESSIVE;
				CLANG_WARN_UNREACHABLE_CODE = YES;
				CLANG_WARN__DUPLICATE_METHOD_MATCH = YES;
				COPY_PHASE_STRIP = NO;
				DEBUG_INFORMATION_FORMAT = "dwarf-with-dsym";
				ENABLE_NS_ASSERTIONS = NO;
				ENABLE_STRICT_OBJC_MSGSEND = YES;
				GCC_C_LANGUAGE_STANDARD = gnu11;
				GCC_NO_COMMON_BLOCKS = YES;
				GCC_WARN_64_TO_32_BIT_CONVERSION = YES;
				GCC_WARN_ABOUT_RETURN_TYPE = YES_ERROR;
				GCC_WARN_UNDECLARED_SELECTOR = YES;
				GCC_WARN_UNINITIALIZED_AUTOS = YES_AGGRESSIVE;
				GCC_WARN_UNUSED_FUNCTION = YES;
				GCC_WARN_UNUSED_VARIABLE = YES;
				IPHONEOS_DEPLOYMENT_TARGET = 15.4;
				MTL_ENABLE_DEBUG_INFO = NO;
				MTL_FAST_MATH = YES;
				SDKROOT = iphoneos;
				SWIFT_COMPILATION_MODE = wholemodule;
				SWIFT_OPTIMIZATION_LEVEL = "-O";
				VALIDATE_PRODUCT = YES;
			};
			name = Release;
		};
		527F66C028980832004A17B5 /* Debug */ = {
			isa = XCBuildConfiguration;
			buildSettings = {
				ASSETCATALOG_COMPILER_APPICON_NAME = AppIcon;
				ASSETCATALOG_COMPILER_GLOBAL_ACCENT_COLOR_NAME = AccentColor;
				CODE_SIGN_STYLE = Automatic;
				CURRENT_PROJECT_VERSION = 1;
				GENERATE_INFOPLIST_FILE = YES;
				INFOPLIST_FILE = UIConstructionMethods/Info.plist;
				INFOPLIST_KEY_UIApplicationSupportsIndirectInputEvents = YES;
				INFOPLIST_KEY_UILaunchStoryboardName = LaunchScreen;
				INFOPLIST_KEY_UIMainStoryboardFile = Main;
				INFOPLIST_KEY_UISupportedInterfaceOrientations_iPad = "UIInterfaceOrientationPortrait UIInterfaceOrientationPortraitUpsideDown UIInterfaceOrientationLandscapeLeft UIInterfaceOrientationLandscapeRight";
				INFOPLIST_KEY_UISupportedInterfaceOrientations_iPhone = "UIInterfaceOrientationPortrait UIInterfaceOrientationLandscapeLeft UIInterfaceOrientationLandscapeRight";
				LD_RUNPATH_SEARCH_PATHS = (
					"$(inherited)",
					"@executable_path/Frameworks",
				);
				MARKETING_VERSION = 1.0;
				PRODUCT_BUNDLE_IDENTIFIER = DevBorisElkin.UIConstructionMethods;
				PRODUCT_NAME = "$(TARGET_NAME)";
				SWIFT_EMIT_LOC_STRINGS = YES;
				SWIFT_VERSION = 5.0;
				TARGETED_DEVICE_FAMILY = "1,2";
			};
			name = Debug;
		};
		527F66C128980832004A17B5 /* Release */ = {
			isa = XCBuildConfiguration;
			buildSettings = {
				ASSETCATALOG_COMPILER_APPICON_NAME = AppIcon;
				ASSETCATALOG_COMPILER_GLOBAL_ACCENT_COLOR_NAME = AccentColor;
				CODE_SIGN_STYLE = Automatic;
				CURRENT_PROJECT_VERSION = 1;
				GENERATE_INFOPLIST_FILE = YES;
				INFOPLIST_FILE = UIConstructionMethods/Info.plist;
				INFOPLIST_KEY_UIApplicationSupportsIndirectInputEvents = YES;
				INFOPLIST_KEY_UILaunchStoryboardName = LaunchScreen;
				INFOPLIST_KEY_UIMainStoryboardFile = Main;
				INFOPLIST_KEY_UISupportedInterfaceOrientations_iPad = "UIInterfaceOrientationPortrait UIInterfaceOrientationPortraitUpsideDown UIInterfaceOrientationLandscapeLeft UIInterfaceOrientationLandscapeRight";
				INFOPLIST_KEY_UISupportedInterfaceOrientations_iPhone = "UIInterfaceOrientationPortrait UIInterfaceOrientationLandscapeLeft UIInterfaceOrientationLandscapeRight";
				LD_RUNPATH_SEARCH_PATHS = (
					"$(inherited)",
					"@executable_path/Frameworks",
				);
				MARKETING_VERSION = 1.0;
				PRODUCT_BUNDLE_IDENTIFIER = DevBorisElkin.UIConstructionMethods;
				PRODUCT_NAME = "$(TARGET_NAME)";
				SWIFT_EMIT_LOC_STRINGS = YES;
				SWIFT_VERSION = 5.0;
				TARGETED_DEVICE_FAMILY = "1,2";
			};
			name = Release;
		};
/* End XCBuildConfiguration section */

/* Begin XCConfigurationList section */
		527F66A628980830004A17B5 /* Build configuration list for PBXProject "UIConstructionMethods" */ = {
			isa = XCConfigurationList;
			buildConfigurations = (
				527F66BD28980832004A17B5 /* Debug */,
				527F66BE28980832004A17B5 /* Release */,
			);
			defaultConfigurationIsVisible = 0;
			defaultConfigurationName = Release;
		};
		527F66BF28980832004A17B5 /* Build configuration list for PBXNativeTarget "UIConstructionMethods" */ = {
			isa = XCConfigurationList;
			buildConfigurations = (
				527F66C028980832004A17B5 /* Debug */,
				527F66C128980832004A17B5 /* Release */,
			);
			defaultConfigurationIsVisible = 0;
			defaultConfigurationName = Release;
		};
/* End XCConfigurationList section */
	};
	rootObject = 527F66A328980830004A17B5 /* Project object */;
}
